
Microsoft Visual Studio Solution File, Format Version 12.00
# Visual Studio 15
VisualStudioVersion = 15.0.26403.7
MinimumVisualStudioVersion = 10.0.40219.1
Project("{2150E333-8FDC-42A3-9474-1A3956D46DE8}") = "src", "src", "{ED83FDBF-D5E2-42BC-86C0-FF3CE0DC61C5}"
EndProject
Project("{2150E333-8FDC-42A3-9474-1A3956D46DE8}") = "test", "test", "{FEA9F36A-4FA0-430E-B5E3-95F3F7355D5D}"
EndProject
Project("{2150E333-8FDC-42A3-9474-1A3956D46DE8}") = "fail", "fail", "{4B8251E0-3740-4D8A-B9A8-DD655B16FE7F}"
	ProjectSection(SolutionItems) = preProject
		test\fail\nomethods.tidl = test\fail\nomethods.tidl
		test\fail\syntax.tidl = test\fail\syntax.tidl
		test\fail\voidarg.tidl = test\fail\voidarg.tidl
	EndProjectSection
EndProject
Project("{2150E333-8FDC-42A3-9474-1A3956D46DE8}") = "good", "good", "{257558A7-294A-4D39-86D3-F698C4032070}"
	ProjectSection(SolutionItems) = preProject
		test\good\idltest.tidl = test\good\idltest.tidl
		test\good\info.tidl = test\good\info.tidl
		test\good\math.tidl = test\good\math.tidl
	EndProjectSection
EndProject
Project("{FAE04EC0-301F-11D3-BF4B-00C04F79EFBC}") = "ToyIDL", "src\ToyIDL\ToyIDL.csproj", "{3062C6AA-5416-4CDF-9C93-BB1C89070DEF}"
EndProject
Project("{FAE04EC0-301F-11D3-BF4B-00C04F79EFBC}") = "ToyIDL2Java", "src\ToyIDL2Java\ToyIDL2Java.csproj", "{A2FE405A-41FA-4F2A-86F0-00F1896E444B}"
EndProject
Project("{FAE04EC0-301F-11D3-BF4B-00C04F79EFBC}") = "ToyIDL2Cs", "src\ToyIDL2Cs\ToyIDL2Cs.csproj", "{8F85F228-DEBD-4164-8D75-5C122A850D49}"
EndProject
Global
	GlobalSection(SolutionConfigurationPlatforms) = preSolution
		Debug|Any CPU = Debug|Any CPU
		Debug|x64 = Debug|x64
		Release|Any CPU = Release|Any CPU
		Release|x64 = Release|x64
	EndGlobalSection
	GlobalSection(ProjectConfigurationPlatforms) = postSolution
		{3062C6AA-5416-4CDF-9C93-BB1C89070DEF}.Debug|Any CPU.ActiveCfg = Debug|Any CPU
		{3062C6AA-5416-4CDF-9C93-BB1C89070DEF}.Debug|Any CPU.Build.0 = Debug|Any CPU
		{3062C6AA-5416-4CDF-9C93-BB1C89070DEF}.Debug|x64.ActiveCfg = Debug|x64
		{3062C6AA-5416-4CDF-9C93-BB1C89070DEF}.Debug|x64.Build.0 = Debug|x64
		{3062C6AA-5416-4CDF-9C93-BB1C89070DEF}.Release|Any CPU.ActiveCfg = Release|Any CPU
		{3062C6AA-5416-4CDF-9C93-BB1C89070DEF}.Release|Any CPU.Build.0 = Release|Any CPU
		{3062C6AA-5416-4CDF-9C93-BB1C89070DEF}.Release|x64.ActiveCfg = Release|x64
		{3062C6AA-5416-4CDF-9C93-BB1C89070DEF}.Release|x64.Build.0 = Release|x64
		{A2FE405A-41FA-4F2A-86F0-00F1896E444B}.Debug|Any CPU.ActiveCfg = Debug|Any CPU
		{A2FE405A-41FA-4F2A-86F0-00F1896E444B}.Debug|Any CPU.Build.0 = Debug|Any CPU
		{A2FE405A-41FA-4F2A-86F0-00F1896E444B}.Debug|x64.ActiveCfg = Debug|x64
		{A2FE405A-41FA-4F2A-86F0-00F1896E444B}.Debug|x64.Build.0 = Debug|x64
		{A2FE405A-41FA-4F2A-86F0-00F1896E444B}.Release|Any CPU.ActiveCfg = Release|Any CPU
		{A2FE405A-41FA-4F2A-86F0-00F1896E444B}.Release|Any CPU.Build.0 = Release|Any CPU
		{A2FE405A-41FA-4F2A-86F0-00F1896E444B}.Release|x64.ActiveCfg = Release|x64
		{A2FE405A-41FA-4F2A-86F0-00F1896E444B}.Release|x64.Build.0 = Release|x64
		{8F85F228-DEBD-4164-8D75-5C122A850D49}.Debug|Any CPU.ActiveCfg = Debug|Any CPU
		{8F85F228-DEBD-4164-8D75-5C122A850D49}.Debug|Any CPU.Build.0 = Debug|Any CPU
		{8F85F228-DEBD-4164-8D75-5C122A850D49}.Debug|x64.ActiveCfg = Debug|x64
		{8F85F228-DEBD-4164-8D75-5C122A850D49}.Debug|x64.Build.0 = Debug|x64
		{8F85F228-DEBD-4164-8D75-5C122A850D49}.Release|Any CPU.ActiveCfg = Release|Any CPU
		{8F85F228-DEBD-4164-8D75-5C122A850D49}.Release|Any CPU.Build.0 = Release|Any CPU
		{8F85F228-DEBD-4164-8D75-5C122A850D49}.Release|x64.ActiveCfg = Release|Any CPU
		{8F85F228-DEBD-4164-8D75-5C122A850D49}.Release|x64.Build.0 = Release|Any CPU
	EndGlobalSection
	GlobalSection(SolutionProperties) = preSolution
		HideSolutionNode = FALSE
	EndGlobalSection
	GlobalSection(NestedProjects) = preSolution
		{4B8251E0-3740-4D8A-B9A8-DD655B16FE7F} = {FEA9F36A-4FA0-430E-B5E3-95F3F7355D5D}
		{257558A7-294A-4D39-86D3-F698C4032070} = {FEA9F36A-4FA0-430E-B5E3-95F3F7355D5D}
		{3062C6AA-5416-4CDF-9C93-BB1C89070DEF} = {ED83FDBF-D5E2-42BC-86C0-FF3CE0DC61C5}
		{A2FE405A-41FA-4F2A-86F0-00F1896E444B} = {ED83FDBF-D5E2-42BC-86C0-FF3CE0DC61C5}
		{8F85F228-DEBD-4164-8D75-5C122A850D49} = {ED83FDBF-D5E2-42BC-86C0-FF3CE0DC61C5}
	EndGlobalSection
EndGlobal
